// !$*UTF8*$!
{
	archiveVersion = 1;
	classes = {
	};
	objectVersion = 46;
	objects = {

/* Begin PBXBuildFile section */
		95A8F0F278634A789D63DBEF /* main.m in Sources */ = {isa = PBXBuildFile; fileRef = 316F0AB26B2A4A5D84F3A80F /* main.m */; };
		02DABCBAC9F64DE1B935D5A6 /* NEPadding.m in Sources */ = {isa = PBXBuildFile; fileRef = 83B71AEBEE9E47AC9F658C89 /* NEPadding.m */; };
		E4944010BBA94EA7879312E0 /* NSView+Essentials.m in Sources */ = {isa = PBXBuildFile; fileRef = E65F86EB5A29466F9B216225 /* NSView+Essentials.m */; };
		B33E149DE6E54C41B75ED30A /* NSObject+Associations.m in Sources */ = {isa = PBXBuildFile; fileRef = 7FE330572887424EA6737080 /* NSObject+Associations.m */; };
		174B5AD92AB6429D9ACD1B0C /* AppDelegate.m in Sources */ = {isa = PBXBuildFile; fileRef = C3A530F995114427A9128698 /* AppDelegate.m */; };
		AAF8509999714B048FF96773 /* ChatWindowController.m in Sources */ = {isa = PBXBuildFile; fileRef = 7B69CCA39539475397C37228 /* ChatWindowController.m */; };
		5C28EC33C0BD4B598D9DE035 /* ClaudeAPIManager_Tiger.m in Sources */ = {isa = PBXBuildFile; fileRef = E8C453B17CBF4D77AC1B6372 /* ClaudeAPIManager_Tiger.m */; };
		0C4DF6A0FA05492FA459280F /* NetworkManager_Tiger.m in Sources */ = {isa = PBXBuildFile; fileRef = 7E0E2F9B6AE840139A426885 /* NetworkManager_Tiger.m */; };
		87D37365F0EB49A1BEF4A979 /* HTTPSClient_OpenSSL.m in Sources */ = {isa = PBXBuildFile; fileRef = E978A01998E642F599F97042 /* HTTPSClient_OpenSSL.m */; };
		9C7B82D3E07747FE913DDC04 /* ThemeColors.m in Sources */ = {isa = PBXBuildFile; fileRef = 9D6F55F4D24F4A6FBEE7108D /* ThemeColors.m */; };
		969C1CA1F32A4743A61115AB /* ThemedView.m in Sources */ = {isa = PBXBuildFile; fileRef = 61C3770523AD4AA4B43BFEFF /* ThemedView.m */; };
		BC4EE91CFC754DFFACC3C5BD /* ConversationManager.m in Sources */ = {isa = PBXBuildFile; fileRef = E4E23748E1B644AAAC6A620D /* ConversationManager.m */; };
		2743CFBB8F364F68857C4E47 /* CodeBlockView.m in Sources */ = {isa = PBXBuildFile; fileRef = EBCA66A75D0F4C95900275F6 /* CodeBlockView.m */; };
		87E972E7D6144EEA962AF416 /* SystemInfoCollector.m in Sources */ = {isa = PBXBuildFile; fileRef = FBF53B6EC57F4D1F9007048B /* SystemInfoCollector.m */; };
		ACC224FA859D45C69BBE3AB5 /* NEDrawer.m in Sources */ = {isa = PBXBuildFile; fileRef = 7D847C733D234B8BB21C17EF /* NEDrawer.m */; };
		AED31E04D4504BF8AF05AAA1 /* NSString+TextMeasure.m in Sources */ = {isa = PBXBuildFile; fileRef = 9FB7F4CB25E346BDBFBD9365 /* NSString+TextMeasure.m */; };
		CDA129CE3F4744E6A884ECA3 /* NESizingHelpers.m in Sources */ = {isa = PBXBuildFile; fileRef = B8BD9CABA8B3495889EB4F71 /* NESizingHelpers.m */; };
		4EA2F547F846460D9C66BB33 /* yyjson.c in Sources */ = {isa = PBXBuildFile; fileRef = BE2D708C3C694F808B338399 /* yyjson.c */; };
		CB08C28A129749E8989F08F6 /* ClaudeClassic.icns in Sources */ = {isa = PBXBuildFile; fileRef = 8C2A83A0180747249932982D /* ClaudeClassic.icns */; };
		640B75A54C0B488593CEE8AA /* Info.plist in Sources */ = {isa = PBXBuildFile; fileRef = 51A997C1FC1B4F17808F09EF /* Info.plist */; };
/* End PBXBuildFile section */

/* Begin PBXFileReference section */
		316F0AB26B2A4A5D84F3A80F /* main.m */ = {isa = PBXFileReference; lastKnownFileType = sourcecode.c.objc; name = main.m; path = ../../main.m; sourceTree = "<group>"; };
		83B71AEBEE9E47AC9F658C89 /* NEPadding.m */ = {isa = PBXFileReference; lastKnownFileType = sourcecode.c.objc; name = NEPadding.m; path = ../../NEPadding.m; sourceTree = "<group>"; };
		E65F86EB5A29466F9B216225 /* NSView+Essentials.m */ = {isa = PBXFileReference; lastKnownFileType = sourcecode.c.objc; name = NSView+Essentials.m; path = ../../NSView+Essentials.m; sourceTree = "<group>"; };
		7FE330572887424EA6737080 /* NSObject+Associations.m */ = {isa = PBXFileReference; lastKnownFileType = sourcecode.c.objc; name = NSObject+Associations.m; path = ../../NSObject+Associations.m; sourceTree = "<group>"; };
		C3A530F995114427A9128698 /* AppDelegate.m */ = {isa = PBXFileReference; lastKnownFileType = sourcecode.c.objc; name = AppDelegate.m; path = ../../AppDelegate.m; sourceTree = "<group>"; };
		7B69CCA39539475397C37228 /* ChatWindowController.m */ = {isa = PBXFileReference; lastKnownFileType = sourcecode.c.objc; name = ChatWindowController.m; path = ../../ChatWindowController.m; sourceTree = "<group>"; };
		E8C453B17CBF4D77AC1B6372 /* ClaudeAPIManager_Tiger.m */ = {isa = PBXFileReference; lastKnownFileType = sourcecode.c.objc; name = ClaudeAPIManager_Tiger.m; path = ../../ClaudeAPIManager_Tiger.m; sourceTree = "<group>"; };
		7E0E2F9B6AE840139A426885 /* NetworkManager_Tiger.m */ = {isa = PBXFileReference; lastKnownFileType = sourcecode.c.objc; name = NetworkManager_Tiger.m; path = ../../NetworkManager_Tiger.m; sourceTree = "<group>"; };
		E978A01998E642F599F97042 /* HTTPSClient_OpenSSL.m */ = {isa = PBXFileReference; lastKnownFileType = sourcecode.c.objc; name = HTTPSClient_OpenSSL.m; path = ../../HTTPSClient_OpenSSL.m; sourceTree = "<group>"; };
		9D6F55F4D24F4A6FBEE7108D /* ThemeColors.m */ = {isa = PBXFileReference; lastKnownFileType = sourcecode.c.objc; name = ThemeColors.m; path = ../../ThemeColors.m; sourceTree = "<group>"; };
		61C3770523AD4AA4B43BFEFF /* ThemedView.m */ = {isa = PBXFileReference; lastKnownFileType = sourcecode.c.objc; name = ThemedView.m; path = ../../ThemedView.m; sourceTree = "<group>"; };
		E4E23748E1B644AAAC6A620D /* ConversationManager.m */ = {isa = PBXFileReference; lastKnownFileType = sourcecode.c.objc; name = ConversationManager.m; path = ../../ConversationManager.m; sourceTree = "<group>"; };
		EBCA66A75D0F4C95900275F6 /* CodeBlockView.m */ = {isa = PBXFileReference; lastKnownFileType = sourcecode.c.objc; name = CodeBlockView.m; path = ../../CodeBlockView.m; sourceTree = "<group>"; };
		FBF53B6EC57F4D1F9007048B /* SystemInfoCollector.m */ = {isa = PBXFileReference; lastKnownFileType = sourcecode.c.objc; name = SystemInfoCollector.m; path = ../../SystemInfoCollector.m; sourceTree = "<group>"; };
		7D847C733D234B8BB21C17EF /* NEDrawer.m */ = {isa = PBXFileReference; lastKnownFileType = sourcecode.c.objc; name = NEDrawer.m; path = ../../NEDrawer.m; sourceTree = "<group>"; };
		9FB7F4CB25E346BDBFBD9365 /* NSString+TextMeasure.m */ = {isa = PBXFileReference; lastKnownFileType = sourcecode.c.objc; name = NSString+TextMeasure.m; path = ../../NSString+TextMeasure.m; sourceTree = "<group>"; };
		B8BD9CABA8B3495889EB4F71 /* NESizingHelpers.m */ = {isa = PBXFileReference; lastKnownFileType = sourcecode.c.objc; name = NESizingHelpers.m; path = ../../NESizingHelpers.m; sourceTree = "<group>"; };
		BE2D708C3C694F808B338399 /* yyjson.c */ = {isa = PBXFileReference; lastKnownFileType = sourcecode.c.c; name = yyjson.c; path = ../../yyjson.c; sourceTree = "<group>"; };
		E3C87F3E2EF248E68568E55A /* AppDelegate.h */ = {isa = PBXFileReference; lastKnownFileType = sourcecode.c.h; name = AppDelegate.h; path = ../../AppDelegate.h; sourceTree = "<group>"; };
		D3D6279B9EAD4675BB2DB85D /* ChatWindowController.h */ = {isa = PBXFileReference; lastKnownFileType = sourcecode.c.h; name = ChatWindowController.h; path = ../../ChatWindowController.h; sourceTree = "<group>"; };
		619CDE0AEFAD4A829CA8776D /* ClaudeAPIManager.h */ = {isa = PBXFileReference; lastKnownFileType = sourcecode.c.h; name = ClaudeAPIManager.h; path = ../../ClaudeAPIManager.h; sourceTree = "<group>"; };
		CC8B9122A0174E8D8E6975E4 /* ConversationManager.h */ = {isa = PBXFileReference; lastKnownFileType = sourcecode.c.h; name = ConversationManager.h; path = ../../ConversationManager.h; sourceTree = "<group>"; };
		D35E1EB063A642EDACD7784E /* CodeBlockView.h */ = {isa = PBXFileReference; lastKnownFileType = sourcecode.c.h; name = CodeBlockView.h; path = ../../CodeBlockView.h; sourceTree = "<group>"; };
		3179A61E6E4A4C7FAB2FE4EC /* HTTPSClient.h */ = {isa = PBXFileReference; lastKnownFileType = sourcecode.c.h; name = HTTPSClient.h; path = ../../HTTPSClient.h; sourceTree = "<group>"; };
		35CE0E2A4A1947B9BB0E19D2 /* NEDrawer.h */ = {isa = PBXFileReference; lastKnownFileType = sourcecode.c.h; name = NEDrawer.h; path = ../../NEDrawer.h; sourceTree = "<group>"; };
		074F269B147146D68E60E098 /* NEPadding.h */ = {isa = PBXFileReference; lastKnownFileType = sourcecode.c.h; name = NEPadding.h; path = ../../NEPadding.h; sourceTree = "<group>"; };
		9F31C44D53754D90AFD11F8E /* NESizingHelpers.h */ = {isa = PBXFileReference; lastKnownFileType = sourcecode.c.h; name = NESizingHelpers.h; path = ../../NESizingHelpers.h; sourceTree = "<group>"; };
		0EF85D94508E4B86B4B9C4BD /* NSView+Essentials.h */ = {isa = PBXFileReference; lastKnownFileType = sourcecode.c.h; name = NSView+Essentials.h; path = ../../NSView+Essentials.h; sourceTree = "<group>"; };
		8FE3BAC9A3B545BDA819438A /* NSObject+Associations.h */ = {isa = PBXFileReference; lastKnownFileType = sourcecode.c.h; name = NSObject+Associations.h; path = ../../NSObject+Associations.h; sourceTree = "<group>"; };
		0668CF8FA6204B1AA83F0683 /* NSString+TextMeasure.h */ = {isa = PBXFileReference; lastKnownFileType = sourcecode.c.h; name = NSString+TextMeasure.h; path = ../../NSString+TextMeasure.h; sourceTree = "<group>"; };
		CD5E10B5B42C43DAB4E1EFAE /* ThemeColors.h */ = {isa = PBXFileReference; lastKnownFileType = sourcecode.c.h; name = ThemeColors.h; path = ../../ThemeColors.h; sourceTree = "<group>"; };
		04399FB2BE184948B9658215 /* SAFEArc.h */ = {isa = PBXFileReference; lastKnownFileType = sourcecode.c.h; name = SAFEArc.h; path = ../../SAFEArc.h; sourceTree = "<group>"; };
		CDB4F4822A824D808EAE4C8D /* SystemInfoCollector.h */ = {isa = PBXFileReference; lastKnownFileType = sourcecode.c.h; name = SystemInfoCollector.h; path = ../../SystemInfoCollector.h; sourceTree = "<group>"; };
		3231F28EDA08412BAC30FE7B /* NetworkManager.h */ = {isa = PBXFileReference; lastKnownFileType = sourcecode.c.h; name = NetworkManager.h; path = ../../NetworkManager.h; sourceTree = "<group>"; };
		5D8F9AEBC32E43CFBEBC01E9 /* TigerCompat.h */ = {isa = PBXFileReference; lastKnownFileType = sourcecode.c.h; name = TigerCompat.h; path = ../../TigerCompat.h; sourceTree = "<group>"; };
		361609E46E55473A9F9212E4 /* ThemedView.h */ = {isa = PBXFileReference; lastKnownFileType = sourcecode.c.h; name = ThemedView.h; path = ../../ThemedView.h; sourceTree = "<group>"; };
		7C64F05385EA4720BDF8E7B6 /* yyjson.h */ = {isa = PBXFileReference; lastKnownFileType = sourcecode.c.h; name = yyjson.h; path = ../../yyjson.h; sourceTree = "<group>"; };
		8C2A83A0180747249932982D /* ClaudeClassic.icns */ = {isa = PBXFileReference; lastKnownFileType = image.icns; name = ClaudeClassic.icns; path = ../../ClaudeClassic.icns; sourceTree = "<group>"; };
		51A997C1FC1B4F17808F09EF /* Info.plist */ = {isa = PBXFileReference; lastKnownFileType = text.plist.xml; name = Info.plist; path = ../../Info.plist; sourceTree = "<group>"; };
		B506B6A6D3524363A4B22EE7 /* ClaudeChat.app */ = {isa = PBXFileReference; explicitFileType = wrapper.application; includeInIndex = 0; path = ClaudeChat.app; sourceTree = BUILT_PRODUCTS_DIR; };
/* End PBXFileReference section */

/* Begin PBXFrameworksBuildPhase section */
		18E40799B8964CB7902F10D7 /* Frameworks */ = {
			isa = PBXFrameworksBuildPhase;
			buildActionMask = 2147483647;
			files = (
			);
			runOnlyForDeploymentPostprocessing = 0;
		};
/* End PBXFrameworksBuildPhase section */

/* Begin PBXGroup section */
		045710A0D2D74B85B34E63BE = {
			isa = PBXGroup;
			children = (
				EEED34069C3343D7B08B3FB5 /* Source */,
				AB433BADDC9F415B9C629B90 /* Products */,
			);
			sourceTree = "<group>";
		};
		EEED34069C3343D7B08B3FB5 /* Source */ = {
			isa = PBXGroup;
			children = (
				316F0AB26B2A4A5D84F3A80F /* main.m */,
				83B71AEBEE9E47AC9F658C89 /* NEPadding.m */,
				E65F86EB5A29466F9B216225 /* NSView+Essentials.m */,
				7FE330572887424EA6737080 /* NSObject+Associations.m */,
				C3A530F995114427A9128698 /* AppDelegate.m */,
				7B69CCA39539475397C37228 /* ChatWindowController.m */,
				E8C453B17CBF4D77AC1B6372 /* ClaudeAPIManager_Tiger.m */,
				7E0E2F9B6AE840139A426885 /* NetworkManager_Tiger.m */,
				E978A01998E642F599F97042 /* HTTPSClient_OpenSSL.m */,
				9D6F55F4D24F4A6FBEE7108D /* ThemeColors.m */,
				61C3770523AD4AA4B43BFEFF /* ThemedView.m */,
				E4E23748E1B644AAAC6A620D /* ConversationManager.m */,
				EBCA66A75D0F4C95900275F6 /* CodeBlockView.m */,
				FBF53B6EC57F4D1F9007048B /* SystemInfoCollector.m */,
				7D847C733D234B8BB21C17EF /* NEDrawer.m */,
				9FB7F4CB25E346BDBFBD9365 /* NSString+TextMeasure.m */,
				B8BD9CABA8B3495889EB4F71 /* NESizingHelpers.m */,
				BE2D708C3C694F808B338399 /* yyjson.c */,
				E3C87F3E2EF248E68568E55A /* AppDelegate.h */,
				D3D6279B9EAD4675BB2DB85D /* ChatWindowController.h */,
				619CDE0AEFAD4A829CA8776D /* ClaudeAPIManager.h */,
				CC8B9122A0174E8D8E6975E4 /* ConversationManager.h */,
				D35E1EB063A642EDACD7784E /* CodeBlockView.h */,
				3179A61E6E4A4C7FAB2FE4EC /* HTTPSClient.h */,
				35CE0E2A4A1947B9BB0E19D2 /* NEDrawer.h */,
				074F269B147146D68E60E098 /* NEPadding.h */,
				9F31C44D53754D90AFD11F8E /* NESizingHelpers.h */,
				0EF85D94508E4B86B4B9C4BD /* NSView+Essentials.h */,
				8FE3BAC9A3B545BDA819438A /* NSObject+Associations.h */,
				0668CF8FA6204B1AA83F0683 /* NSString+TextMeasure.h */,
				CD5E10B5B42C43DAB4E1EFAE /* ThemeColors.h */,
				04399FB2BE184948B9658215 /* SAFEArc.h */,
				CDB4F4822A824D808EAE4C8D /* SystemInfoCollector.h */,
				3231F28EDA08412BAC30FE7B /* NetworkManager.h */,
				5D8F9AEBC32E43CFBEBC01E9 /* TigerCompat.h */,
				361609E46E55473A9F9212E4 /* ThemedView.h */,
				7C64F05385EA4720BDF8E7B6 /* yyjson.h */,
				8C2A83A0180747249932982D /* ClaudeClassic.icns */,
				51A997C1FC1B4F17808F09EF /* Info.plist */,
			);
			name = Source;
			sourceTree = "<group>";
		};
		AB433BADDC9F415B9C629B90 /* Products */ = {
			isa = PBXGroup;
			children = (
				B506B6A6D3524363A4B22EE7 /* ClaudeChat.app */,
			);
			name = Products;
			sourceTree = "<group>";
		};
/* End PBXGroup section */

/* Begin PBXNativeTarget section */
		F71994419F6A43C7B399770A /* ClaudeChat */ = {
			isa = PBXNativeTarget;
			buildConfigurationList = B9A0E60B5A2241238AED988C /* Build configuration list for PBXNativeTarget "ClaudeChat" */;
			buildPhases = (
				6299740387214025A03E9CCF /* Sources */,
				18E40799B8964CB7902F10D7 /* Frameworks */,
				DB7B21A729014BBCA49704CB /* Resources */,
			);
			buildRules = (
			);
			dependencies = (
			);
			name = ClaudeChat;
			productName = ClaudeChat;
			productReference = B506B6A6D3524363A4B22EE7 /* ClaudeChat.app */;
			productType = "com.apple.product-type.application";
		};
/* End PBXNativeTarget section */

/* Begin PBXProject section */
		49F519C8DBBA49589FBD618C /* Project object */ = {
			isa = PBXProject;
			attributes = {
				LastUpgradeCheck = 1200;
			};
			buildConfigurationList = B9A0E60B5A2241238AED988C /* Build configuration list for PBXProject "ClaudeChat" */;
			compatibilityVersion = "Xcode 3.2";
			developmentRegion = English;
			hasScannedForEncodings = 0;
			knownRegions = (
				en,
			);
			mainGroup = 045710A0D2D74B85B34E63BE;
			productRefGroup = AB433BADDC9F415B9C629B90 /* Products */;
			projectDirPath = "";
			projectRoot = "";
			targets = (
				F71994419F6A43C7B399770A /* ClaudeChat */,
			);
		};
/* End PBXProject section */

/* Begin PBXResourcesBuildPhase section */
		DB7B21A729014BBCA49704CB /* Resources */ = {
			isa = PBXResourcesBuildPhase;
			buildActionMask = 2147483647;
			files = (
				CB08C28A129749E8989F08F6 /* Resource in Resources */,
				640B75A54C0B488593CEE8AA /* Resource in Resources */,
			);
			runOnlyForDeploymentPostprocessing = 0;
		};
/* End PBXResourcesBuildPhase section */

/* Begin PBXSourcesBuildPhase section */
		6299740387214025A03E9CCF /* Sources */ = {
			isa = PBXSourcesBuildPhase;
			buildActionMask = 2147483647;
			files = (
				95A8F0F278634A789D63DBEF /* Source file */,
				02DABCBAC9F64DE1B935D5A6 /* Source file */,
				E4944010BBA94EA7879312E0 /* Source file */,
				B33E149DE6E54C41B75ED30A /* Source file */,
				174B5AD92AB6429D9ACD1B0C /* Source file */,
				AAF8509999714B048FF96773 /* Source file */,
				5C28EC33C0BD4B598D9DE035 /* Source file */,
				0C4DF6A0FA05492FA459280F /* Source file */,
				87D37365F0EB49A1BEF4A979 /* Source file */,
				9C7B82D3E07747FE913DDC04 /* Source file */,
				969C1CA1F32A4743A61115AB /* Source file */,
				BC4EE91CFC754DFFACC3C5BD /* Source file */,
				2743CFBB8F364F68857C4E47 /* Source file */,
				87E972E7D6144EEA962AF416 /* Source file */,
				ACC224FA859D45C69BBE3AB5 /* Source file */,
				AED31E04D4504BF8AF05AAA1 /* Source file */,
				CDA129CE3F4744E6A884ECA3 /* Source file */,
				4EA2F547F846460D9C66BB33 /* Source file */,
			);
			runOnlyForDeploymentPostprocessing = 0;
		};
/* End PBXSourcesBuildPhase section */

/* Begin XCBuildConfiguration section */
		A5023DA367D24FE0865F77C4 /* Debug */ = {
			isa = XCBuildConfiguration;
			buildSettings = {
				ALWAYS_SEARCH_USER_PATHS = NO;
				MACOSX_DEPLOYMENT_TARGET = 10.6;
				CLANG_ENABLE_OBJC_ARC = NO;
				OTHER_CFLAGS = "-fno-objc-arc";
				PRODUCT_NAME = "$(TARGET_NAME)";
				INFOPLIST_FILE = "../../Info.plist";
				ICNS_FILE = ClaudeClassic;
			};
			name = Debug;
		};
		4CB4E522C3EE497D9D78FC8E /* Release */ = {
			isa = XCBuildConfiguration;
			buildSettings = {
				ALWAYS_SEARCH_USER_PATHS = NO;
				MACOSX_DEPLOYMENT_TARGET = 10.6;
				CLANG_ENABLE_OBJC_ARC = NO;
				OTHER_CFLAGS = "-fno-objc-arc";
				PRODUCT_NAME = "$(TARGET_NAME)";
				INFOPLIST_FILE = "../../Info.plist";
				ICNS_FILE = ClaudeClassic;
			};
			name = Release;
		};
/* End XCBuildConfiguration section */

/* Begin XCConfigurationList section */
		B9A0E60B5A2241238AED988C /* Build configuration list for PBXNativeTarget "ClaudeChat" */ = {
			isa = XCConfigurationList;
			buildConfigurations = (
				A5023DA367D24FE0865F77C4 /* Debug */,
				4CB4E522C3EE497D9D78FC8E /* Release */,
			);
			defaultConfigurationIsVisible = 0;
			defaultConfigurationName = Release;
		};
/* End XCConfigurationList section */
	};
	rootObject = 49F519C8DBBA49589FBD618C /* Project object */;
}