// !$*UTF8*$!
{
	archiveVersion = 1;
	classes = {
	};
	objectVersion = 46;
	objects = {

/* Begin PBXBuildFile section */
		CF3F5B7E29264EC59D9368E8 /* main.m in Sources */ = {isa = PBXBuildFile; fileRef = 47975437E20B4B50980FBEB3 /* main.m */; };
		3265F67DC7AF44CE87273D10 /* NEPadding.m in Sources */ = {isa = PBXBuildFile; fileRef = 651CAF0C46FE4122AED8328C /* NEPadding.m */; };
		ED7CB490F72E4A30879C8F35 /* NSView+Essentials.m in Sources */ = {isa = PBXBuildFile; fileRef = 7C0BBD2D9CE246C6B455DCCD /* NSView+Essentials.m */; };
		655EE68352E24691A8EE6748 /* NSObject+Associations.m in Sources */ = {isa = PBXBuildFile; fileRef = 09410D7C3FB04CF9BB9B8021 /* NSObject+Associations.m */; };
		AD6D619BBD954DDF805B6A17 /* AppDelegate.m in Sources */ = {isa = PBXBuildFile; fileRef = 6FC9668475CE4BC089B757AE /* AppDelegate.m */; };
		0E4DE7C4407E4701AAE3A5F7 /* ChatWindowController.m in Sources */ = {isa = PBXBuildFile; fileRef = 0FD3E226B3B64BB3B9D25C82 /* ChatWindowController.m */; };
		7F748A230C2649C29B2F869C /* ClaudeAPIManager.m in Sources */ = {isa = PBXBuildFile; fileRef = 44D3D8BC380D4EBD995B7F5B /* ClaudeAPIManager.m */; };
		75B4C7FDDCFA4C2EBFCE6601 /* HTTPSClient.m in Sources */ = {isa = PBXBuildFile; fileRef = BBD9C93C491B4F5E8A0776FE /* HTTPSClient.m */; };
		56020AD421544897B1E03ADC /* ThemeColors.m in Sources */ = {isa = PBXBuildFile; fileRef = AB88BB27B407497CBE9B3A6F /* ThemeColors.m */; };
		9FE31D25B03F4D2B80A5B1D1 /* ThemedView.m in Sources */ = {isa = PBXBuildFile; fileRef = 129F45B0B2D94E35B6C8AF36 /* ThemedView.m */; };
		22BF2E5459A04094949C2892 /* ConversationManager.m in Sources */ = {isa = PBXBuildFile; fileRef = 2A988020442545429847A517 /* ConversationManager.m */; };
		08CBE691BD744A2790A2E164 /* CodeBlockView.m in Sources */ = {isa = PBXBuildFile; fileRef = CBEE86F686E24B3380DFF65D /* CodeBlockView.m */; };
		E62116C9F1AC4B42995EDFB9 /* SystemInfoCollector.m in Sources */ = {isa = PBXBuildFile; fileRef = BB75C66EAD4C4F929668A76F /* SystemInfoCollector.m */; };
		80F2191EE5D74612AC80EE16 /* NEDrawer.m in Sources */ = {isa = PBXBuildFile; fileRef = CDDC180D689F4B68AB410371 /* NEDrawer.m */; };
		9A6A3C87036C4D558283BD14 /* NSString+TextMeasure.m in Sources */ = {isa = PBXBuildFile; fileRef = E5D299F6D7B64097B4BE9939 /* NSString+TextMeasure.m */; };
		4C311671174B4E47807D3C5C /* NESizingHelpers.m in Sources */ = {isa = PBXBuildFile; fileRef = 55350C7E0ED7417B9455DA2A /* NESizingHelpers.m */; };
		CAAE3F41EF2A4FF980C3BBF4 /* yyjson.c in Sources */ = {isa = PBXBuildFile; fileRef = B24D661B983E4038962E85EB /* yyjson.c */; };
		3A816A23E8D341998FA8E405 /* ClaudeClassic.icns in Sources */ = {isa = PBXBuildFile; fileRef = 10B2768D3E6145A1BF57F46D /* ClaudeClassic.icns */; };
		768CA6A7DE2A4ACFB398B92B /* Info.plist in Sources */ = {isa = PBXBuildFile; fileRef = 5034747C20EA4C34A2BBD0BB /* Info.plist */; };
/* End PBXBuildFile section */

/* Begin PBXFileReference section */
		47975437E20B4B50980FBEB3 /* main.m */ = {isa = PBXFileReference; lastKnownFileType = sourcecode.c.objc; name = main.m; path = ../../main.m; sourceTree = "<group>"; };
		651CAF0C46FE4122AED8328C /* NEPadding.m */ = {isa = PBXFileReference; lastKnownFileType = sourcecode.c.objc; name = NEPadding.m; path = ../../NEPadding.m; sourceTree = "<group>"; };
		7C0BBD2D9CE246C6B455DCCD /* NSView+Essentials.m */ = {isa = PBXFileReference; lastKnownFileType = sourcecode.c.objc; name = NSView+Essentials.m; path = ../../NSView+Essentials.m; sourceTree = "<group>"; };
		09410D7C3FB04CF9BB9B8021 /* NSObject+Associations.m */ = {isa = PBXFileReference; lastKnownFileType = sourcecode.c.objc; name = NSObject+Associations.m; path = ../../NSObject+Associations.m; sourceTree = "<group>"; };
		6FC9668475CE4BC089B757AE /* AppDelegate.m */ = {isa = PBXFileReference; lastKnownFileType = sourcecode.c.objc; name = AppDelegate.m; path = ../../AppDelegate.m; sourceTree = "<group>"; };
		0FD3E226B3B64BB3B9D25C82 /* ChatWindowController.m */ = {isa = PBXFileReference; lastKnownFileType = sourcecode.c.objc; name = ChatWindowController.m; path = ../../ChatWindowController.m; sourceTree = "<group>"; };
		44D3D8BC380D4EBD995B7F5B /* ClaudeAPIManager.m */ = {isa = PBXFileReference; lastKnownFileType = sourcecode.c.objc; name = ClaudeAPIManager.m; path = ../../ClaudeAPIManager.m; sourceTree = "<group>"; };
		BBD9C93C491B4F5E8A0776FE /* HTTPSClient.m */ = {isa = PBXFileReference; lastKnownFileType = sourcecode.c.objc; name = HTTPSClient.m; path = ../../HTTPSClient.m; sourceTree = "<group>"; };
		AB88BB27B407497CBE9B3A6F /* ThemeColors.m */ = {isa = PBXFileReference; lastKnownFileType = sourcecode.c.objc; name = ThemeColors.m; path = ../../ThemeColors.m; sourceTree = "<group>"; };
		129F45B0B2D94E35B6C8AF36 /* ThemedView.m */ = {isa = PBXFileReference; lastKnownFileType = sourcecode.c.objc; name = ThemedView.m; path = ../../ThemedView.m; sourceTree = "<group>"; };
		2A988020442545429847A517 /* ConversationManager.m */ = {isa = PBXFileReference; lastKnownFileType = sourcecode.c.objc; name = ConversationManager.m; path = ../../ConversationManager.m; sourceTree = "<group>"; };
		CBEE86F686E24B3380DFF65D /* CodeBlockView.m */ = {isa = PBXFileReference; lastKnownFileType = sourcecode.c.objc; name = CodeBlockView.m; path = ../../CodeBlockView.m; sourceTree = "<group>"; };
		BB75C66EAD4C4F929668A76F /* SystemInfoCollector.m */ = {isa = PBXFileReference; lastKnownFileType = sourcecode.c.objc; name = SystemInfoCollector.m; path = ../../SystemInfoCollector.m; sourceTree = "<group>"; };
		CDDC180D689F4B68AB410371 /* NEDrawer.m */ = {isa = PBXFileReference; lastKnownFileType = sourcecode.c.objc; name = NEDrawer.m; path = ../../NEDrawer.m; sourceTree = "<group>"; };
		E5D299F6D7B64097B4BE9939 /* NSString+TextMeasure.m */ = {isa = PBXFileReference; lastKnownFileType = sourcecode.c.objc; name = NSString+TextMeasure.m; path = ../../NSString+TextMeasure.m; sourceTree = "<group>"; };
		55350C7E0ED7417B9455DA2A /* NESizingHelpers.m */ = {isa = PBXFileReference; lastKnownFileType = sourcecode.c.objc; name = NESizingHelpers.m; path = ../../NESizingHelpers.m; sourceTree = "<group>"; };
		B24D661B983E4038962E85EB /* yyjson.c */ = {isa = PBXFileReference; lastKnownFileType = sourcecode.c.c; name = yyjson.c; path = ../../yyjson.c; sourceTree = "<group>"; };
		13292418369C4E7BA572D550 /* AppDelegate.h */ = {isa = PBXFileReference; lastKnownFileType = sourcecode.c.h; name = AppDelegate.h; path = ../../AppDelegate.h; sourceTree = "<group>"; };
		3E1EA09095F748538218F25E /* ChatWindowController.h */ = {isa = PBXFileReference; lastKnownFileType = sourcecode.c.h; name = ChatWindowController.h; path = ../../ChatWindowController.h; sourceTree = "<group>"; };
		2CC45724CA3C4389AF4AA454 /* ClaudeAPIManager.h */ = {isa = PBXFileReference; lastKnownFileType = sourcecode.c.h; name = ClaudeAPIManager.h; path = ../../ClaudeAPIManager.h; sourceTree = "<group>"; };
		750F19CC94EF4580B2AA974E /* ConversationManager.h */ = {isa = PBXFileReference; lastKnownFileType = sourcecode.c.h; name = ConversationManager.h; path = ../../ConversationManager.h; sourceTree = "<group>"; };
		A78C26FEF88A4EEF872C593C /* CodeBlockView.h */ = {isa = PBXFileReference; lastKnownFileType = sourcecode.c.h; name = CodeBlockView.h; path = ../../CodeBlockView.h; sourceTree = "<group>"; };
		8E49726771AC47F3AA434F5A /* HTTPSClient.h */ = {isa = PBXFileReference; lastKnownFileType = sourcecode.c.h; name = HTTPSClient.h; path = ../../HTTPSClient.h; sourceTree = "<group>"; };
		0B690A49EB494D5C8BB86365 /* NEDrawer.h */ = {isa = PBXFileReference; lastKnownFileType = sourcecode.c.h; name = NEDrawer.h; path = ../../NEDrawer.h; sourceTree = "<group>"; };
		CE6F00A4F0A34EEFB44F6BA9 /* NEPadding.h */ = {isa = PBXFileReference; lastKnownFileType = sourcecode.c.h; name = NEPadding.h; path = ../../NEPadding.h; sourceTree = "<group>"; };
		DB33B3FEAB484E36B870714A /* NESizingHelpers.h */ = {isa = PBXFileReference; lastKnownFileType = sourcecode.c.h; name = NESizingHelpers.h; path = ../../NESizingHelpers.h; sourceTree = "<group>"; };
		00E577E1A0C744E49C385C44 /* NSView+Essentials.h */ = {isa = PBXFileReference; lastKnownFileType = sourcecode.c.h; name = NSView+Essentials.h; path = ../../NSView+Essentials.h; sourceTree = "<group>"; };
		D965E71672D74C759F29076A /* NSObject+Associations.h */ = {isa = PBXFileReference; lastKnownFileType = sourcecode.c.h; name = NSObject+Associations.h; path = ../../NSObject+Associations.h; sourceTree = "<group>"; };
		6D36669397854BB499C8717C /* NSString+TextMeasure.h */ = {isa = PBXFileReference; lastKnownFileType = sourcecode.c.h; name = NSString+TextMeasure.h; path = ../../NSString+TextMeasure.h; sourceTree = "<group>"; };
		D312A8B267F24E62AF03D8FD /* ThemeColors.h */ = {isa = PBXFileReference; lastKnownFileType = sourcecode.c.h; name = ThemeColors.h; path = ../../ThemeColors.h; sourceTree = "<group>"; };
		8F3BCC93C4764D41BC0CAA0B /* SAFEArc.h */ = {isa = PBXFileReference; lastKnownFileType = sourcecode.c.h; name = SAFEArc.h; path = ../../SAFEArc.h; sourceTree = "<group>"; };
		2129662F7BF94D3587951ECF /* SystemInfoCollector.h */ = {isa = PBXFileReference; lastKnownFileType = sourcecode.c.h; name = SystemInfoCollector.h; path = ../../SystemInfoCollector.h; sourceTree = "<group>"; };
		C7F65F81936947519776E266 /* NetworkManager.h */ = {isa = PBXFileReference; lastKnownFileType = sourcecode.c.h; name = NetworkManager.h; path = ../../NetworkManager.h; sourceTree = "<group>"; };
		E96833E7EAB64F5E814FAC3B /* TigerCompat.h */ = {isa = PBXFileReference; lastKnownFileType = sourcecode.c.h; name = TigerCompat.h; path = ../../TigerCompat.h; sourceTree = "<group>"; };
		B2BFDDFCC2B847B298099490 /* ThemedView.h */ = {isa = PBXFileReference; lastKnownFileType = sourcecode.c.h; name = ThemedView.h; path = ../../ThemedView.h; sourceTree = "<group>"; };
		5553B3FBC1254982B6B31B37 /* yyjson.h */ = {isa = PBXFileReference; lastKnownFileType = sourcecode.c.h; name = yyjson.h; path = ../../yyjson.h; sourceTree = "<group>"; };
		10B2768D3E6145A1BF57F46D /* ClaudeClassic.icns */ = {isa = PBXFileReference; lastKnownFileType = image.icns; name = ClaudeClassic.icns; path = ../../ClaudeClassic.icns; sourceTree = "<group>"; };
		5034747C20EA4C34A2BBD0BB /* Info.plist */ = {isa = PBXFileReference; lastKnownFileType = text.plist.xml; name = Info.plist; path = ../../Info.plist; sourceTree = "<group>"; };
		8F7308A879C948A58CF172F6 /* ClaudeChat.app */ = {isa = PBXFileReference; explicitFileType = wrapper.application; includeInIndex = 0; path = ClaudeChat.app; sourceTree = BUILT_PRODUCTS_DIR; };
/* End PBXFileReference section */

/* Begin PBXFrameworksBuildPhase section */
		65DB373F0EAA4C489DF8BF46 /* Frameworks */ = {
			isa = PBXFrameworksBuildPhase;
			buildActionMask = 2147483647;
			files = (
			);
			runOnlyForDeploymentPostprocessing = 0;
		};
/* End PBXFrameworksBuildPhase section */

/* Begin PBXGroup section */
		F7A1F741706C4486AE907528 = {
			isa = PBXGroup;
			children = (
				199F64ADB67C42409BCE76EC /* Source */,
				367B762E268B4E85AFB6EDF3 /* Products */,
			);
			sourceTree = "<group>";
		};
		199F64ADB67C42409BCE76EC /* Source */ = {
			isa = PBXGroup;
			children = (
				47975437E20B4B50980FBEB3 /* main.m */,
				651CAF0C46FE4122AED8328C /* NEPadding.m */,
				7C0BBD2D9CE246C6B455DCCD /* NSView+Essentials.m */,
				09410D7C3FB04CF9BB9B8021 /* NSObject+Associations.m */,
				6FC9668475CE4BC089B757AE /* AppDelegate.m */,
				0FD3E226B3B64BB3B9D25C82 /* ChatWindowController.m */,
				44D3D8BC380D4EBD995B7F5B /* ClaudeAPIManager.m */,
				BBD9C93C491B4F5E8A0776FE /* HTTPSClient.m */,
				AB88BB27B407497CBE9B3A6F /* ThemeColors.m */,
				129F45B0B2D94E35B6C8AF36 /* ThemedView.m */,
				2A988020442545429847A517 /* ConversationManager.m */,
				CBEE86F686E24B3380DFF65D /* CodeBlockView.m */,
				BB75C66EAD4C4F929668A76F /* SystemInfoCollector.m */,
				CDDC180D689F4B68AB410371 /* NEDrawer.m */,
				E5D299F6D7B64097B4BE9939 /* NSString+TextMeasure.m */,
				55350C7E0ED7417B9455DA2A /* NESizingHelpers.m */,
				B24D661B983E4038962E85EB /* yyjson.c */,
				13292418369C4E7BA572D550 /* AppDelegate.h */,
				3E1EA09095F748538218F25E /* ChatWindowController.h */,
				2CC45724CA3C4389AF4AA454 /* ClaudeAPIManager.h */,
				750F19CC94EF4580B2AA974E /* ConversationManager.h */,
				A78C26FEF88A4EEF872C593C /* CodeBlockView.h */,
				8E49726771AC47F3AA434F5A /* HTTPSClient.h */,
				0B690A49EB494D5C8BB86365 /* NEDrawer.h */,
				CE6F00A4F0A34EEFB44F6BA9 /* NEPadding.h */,
				DB33B3FEAB484E36B870714A /* NESizingHelpers.h */,
				00E577E1A0C744E49C385C44 /* NSView+Essentials.h */,
				D965E71672D74C759F29076A /* NSObject+Associations.h */,
				6D36669397854BB499C8717C /* NSString+TextMeasure.h */,
				D312A8B267F24E62AF03D8FD /* ThemeColors.h */,
				8F3BCC93C4764D41BC0CAA0B /* SAFEArc.h */,
				2129662F7BF94D3587951ECF /* SystemInfoCollector.h */,
				C7F65F81936947519776E266 /* NetworkManager.h */,
				E96833E7EAB64F5E814FAC3B /* TigerCompat.h */,
				B2BFDDFCC2B847B298099490 /* ThemedView.h */,
				5553B3FBC1254982B6B31B37 /* yyjson.h */,
				10B2768D3E6145A1BF57F46D /* ClaudeClassic.icns */,
				5034747C20EA4C34A2BBD0BB /* Info.plist */,
			);
			name = Source;
			sourceTree = "<group>";
		};
		367B762E268B4E85AFB6EDF3 /* Products */ = {
			isa = PBXGroup;
			children = (
				8F7308A879C948A58CF172F6 /* ClaudeChat.app */,
			);
			name = Products;
			sourceTree = "<group>";
		};
/* End PBXGroup section */

/* Begin PBXNativeTarget section */
		C8982DC1D7224B2BA0C6A0C7 /* ClaudeChat */ = {
			isa = PBXNativeTarget;
			buildConfigurationList = 21EDEA3CC70B4290B1D03E1B /* Build configuration list for PBXNativeTarget "ClaudeChat" */;
			buildPhases = (
				4631DCD35EF94F54B2C0C40E /* Sources */,
				65DB373F0EAA4C489DF8BF46 /* Frameworks */,
				0A3ACBB013D04035A91ED069 /* Resources */,
			);
			buildRules = (
			);
			dependencies = (
			);
			name = ClaudeChat;
			productName = ClaudeChat;
			productReference = 8F7308A879C948A58CF172F6 /* ClaudeChat.app */;
			productType = "com.apple.product-type.application";
		};
/* End PBXNativeTarget section */

/* Begin PBXProject section */
		4122DAB7E629422488D4E169 /* Project object */ = {
			isa = PBXProject;
			attributes = {
				LastUpgradeCheck = 1200;
			};
			buildConfigurationList = 21EDEA3CC70B4290B1D03E1B /* Build configuration list for PBXProject "ClaudeChat" */;
			compatibilityVersion = "Xcode 3.2";
			developmentRegion = English;
			hasScannedForEncodings = 0;
			knownRegions = (
				en,
			);
			mainGroup = F7A1F741706C4486AE907528;
			productRefGroup = 367B762E268B4E85AFB6EDF3 /* Products */;
			projectDirPath = "";
			projectRoot = "";
			targets = (
				C8982DC1D7224B2BA0C6A0C7 /* ClaudeChat */,
			);
		};
/* End PBXProject section */

/* Begin PBXResourcesBuildPhase section */
		0A3ACBB013D04035A91ED069 /* Resources */ = {
			isa = PBXResourcesBuildPhase;
			buildActionMask = 2147483647;
			files = (
				3A816A23E8D341998FA8E405 /* Resource in Resources */,
				768CA6A7DE2A4ACFB398B92B /* Resource in Resources */,
			);
			runOnlyForDeploymentPostprocessing = 0;
		};
/* End PBXResourcesBuildPhase section */

/* Begin PBXSourcesBuildPhase section */
		4631DCD35EF94F54B2C0C40E /* Sources */ = {
			isa = PBXSourcesBuildPhase;
			buildActionMask = 2147483647;
			files = (
				CF3F5B7E29264EC59D9368E8 /* Source file */,
				3265F67DC7AF44CE87273D10 /* Source file */,
				ED7CB490F72E4A30879C8F35 /* Source file */,
				655EE68352E24691A8EE6748 /* Source file */,
				AD6D619BBD954DDF805B6A17 /* Source file */,
				0E4DE7C4407E4701AAE3A5F7 /* Source file */,
				7F748A230C2649C29B2F869C /* Source file */,
				75B4C7FDDCFA4C2EBFCE6601 /* Source file */,
				56020AD421544897B1E03ADC /* Source file */,
				9FE31D25B03F4D2B80A5B1D1 /* Source file */,
				22BF2E5459A04094949C2892 /* Source file */,
				08CBE691BD744A2790A2E164 /* Source file */,
				E62116C9F1AC4B42995EDFB9 /* Source file */,
				80F2191EE5D74612AC80EE16 /* Source file */,
				9A6A3C87036C4D558283BD14 /* Source file */,
				4C311671174B4E47807D3C5C /* Source file */,
				CAAE3F41EF2A4FF980C3BBF4 /* Source file */,
			);
			runOnlyForDeploymentPostprocessing = 0;
		};
/* End PBXSourcesBuildPhase section */

/* Begin XCBuildConfiguration section */
		91414ADDE3C84280A4C74E83 /* Debug */ = {
			isa = XCBuildConfiguration;
			buildSettings = {
				ALWAYS_SEARCH_USER_PATHS = NO;
				MACOSX_DEPLOYMENT_TARGET = 10.12;
				CLANG_ENABLE_OBJC_ARC = NO;
				OTHER_CFLAGS = "-fno-objc-arc";
				PRODUCT_NAME = "$(TARGET_NAME)";
				INFOPLIST_FILE = "../../Info.plist";
				ICNS_FILE = ClaudeClassic;
			};
			name = Debug;
		};
		8C7652964A674FA989ED2395 /* Release */ = {
			isa = XCBuildConfiguration;
			buildSettings = {
				ALWAYS_SEARCH_USER_PATHS = NO;
				MACOSX_DEPLOYMENT_TARGET = 10.12;
				CLANG_ENABLE_OBJC_ARC = NO;
				OTHER_CFLAGS = "-fno-objc-arc";
				PRODUCT_NAME = "$(TARGET_NAME)";
				INFOPLIST_FILE = "../../Info.plist";
				ICNS_FILE = ClaudeClassic;
			};
			name = Release;
		};
/* End XCBuildConfiguration section */

/* Begin XCConfigurationList section */
		21EDEA3CC70B4290B1D03E1B /* Build configuration list for PBXNativeTarget "ClaudeChat" */ = {
			isa = XCConfigurationList;
			buildConfigurations = (
				91414ADDE3C84280A4C74E83 /* Debug */,
				8C7652964A674FA989ED2395 /* Release */,
			);
			defaultConfigurationIsVisible = 0;
			defaultConfigurationName = Release;
		};
/* End XCConfigurationList section */
	};
	rootObject = 4122DAB7E629422488D4E169 /* Project object */;
}