// !*UTF8*
{
	archiveVersion = 1;
	classes = {
	};
	objectVersion = 46;
	objects = {

/* Begin PBXBuildFile section */

/* End PBXBuildFile section */

/* Begin PBXFileReference section */

		 /* ClaudeChat.app */ = {isa = PBXFileReference; explicitFileType = wrapper.application; includeInIndex = 0; path = ClaudeChat.app; sourceTree = BUILT_PRODUCTS_DIR; };
		 /* Info.plist */ = {isa = PBXFileReference; lastKnownFileType = text.plist.xml; path = Info.plist; sourceTree = \"<group>\"; };
/* End PBXFileReference section */

/* Begin PBXFrameworksBuildPhase section */
		 /* Frameworks */ = {
			isa = PBXFrameworksBuildPhase;
			buildActionMask = 2147483647;
			files = (
			);
			runOnlyForDeploymentPostprocessing = 0;
		};
/* End PBXFrameworksBuildPhase section */

/* Begin PBXGroup section */
		 /* Main */ = {
			isa = PBXGroup;
			children = (
				 /* Sources */,
				 /* Headers */,
				 /* Resources */,
				 /* Products */,
			);
			sourceTree = \"<group>\";
		};
		 /* Products */ = {
			isa = PBXGroup;
			children = (
				 /* ClaudeChat.app */,
			);
			name = Products;
			sourceTree = \"<group>\";
		};
		 /* Sources */ = {
			isa = PBXGroup;
			children = (
				 /* AppDelegate.m */,
				 /* ChatWindowController.m */,
				 /* ClaudeAPIManager_Tiger.m */,
				 /* CodeBlockView.m */,
				 /* ConversationManager.m */,
				 /* HTTPSClient_OpenSSL.m */,
				 /* NEDrawer.m */,
				 /* NEPadding.m */,
				 /* NESizingHelpers.m */,
				 /* NSObject+Associations.m */,
				 /* NSString+TextMeasure.m */,
				 /* NSView+Essentials.m */,
				 /* NetworkManager_Tiger.m */,
				 /* SystemInfoCollector.m */,
				 /* ThemeColors_Tiger.m */,
				 /* ThemedView.m */,
				 /* main.m */,
				 /* yyjson.c */,
			);
			name = Sources;
			sourceTree = \"<group>\";
		};
		 /* Headers */ = {
			isa = PBXGroup;
			children = (
				 /* AppDelegate.h */,
				 /* ChatWindowController.h */,
				 /* ClaudeAPIManager.h */,
				 /* CodeBlockView.h */,
				 /* ConversationManager.h */,
				 /* HTTPSClient.h */,
				 /* NEDrawer.h */,
				 /* NEPadding.h */,
				 /* NESizingHelpers.h */,
				 /* NSObject+Associations.h */,
				 /* NSString+TextMeasure.h */,
				 /* NSView+Essentials.h */,
				 /* NetworkManager.h */,
				 /* SAFEArc.h */,
				 /* SystemInfoCollector.h */,
				 /* ThemeColors.h */,
				 /* ThemedView.h */,
				 /* TigerCompat.h */,
				 /* yyjson.h */,
			);
			name = Headers;
			sourceTree = \"<group>\";
		};
		 /* Resources */ = {
			isa = PBXGroup;
			children = (
				 /* Info.plist */,
			);
			name = Resources;
			sourceTree = \"<group>\";
		};
/* End PBXGroup section */

/* Begin PBXNativeTarget section */
		 /* ClaudeChat */ = {
			isa = PBXNativeTarget;
			buildConfigurationList =  /* Build configuration list for PBXNativeTarget "ClaudeChat" */;
			buildPhases = (
				 /* Sources */,
				 /* Frameworks */,
				 /* Resources */,
			);
			buildRules = (
			);
			dependencies = (
			);
			name = ClaudeChat;
			productName = ClaudeChat;
			productReference =  /* ClaudeChat.app */;
			productType = \"com.apple.product-type.application\";
		};
/* End PBXNativeTarget section */

/* Begin PBXProject section */
		 /* Project object */ = {
			isa = PBXProject;
			attributes = {
				LastUpgradeCheck = 0460;
			};
			buildConfigurationList =  /* Build configuration list for PBXProject "ClaudeChat-leopard" */;
			compatibilityVersion = \"Xcode 3.2\";
			developmentRegion = English;
			hasScannedForEncodings = 0;
			knownRegions = (
				en,
			);
			mainGroup =  /* Main */;
			productRefGroup =  /* Products */;
			projectDirPath = \"\";
			projectRoot = \"\";
			targets = (
				 /* ClaudeChat */,
			);
		};
/* End PBXProject section */

/* Begin PBXResourcesBuildPhase section */
		 /* Resources */ = {
			isa = PBXResourcesBuildPhase;
			buildActionMask = 2147483647;
			files = (
			);
			runOnlyForDeploymentPostprocessing = 0;
		};
/* End PBXResourcesBuildPhase section */

/* Begin PBXSourcesBuildPhase section */
		 /* Sources */ = {
			isa = PBXSourcesBuildPhase;
			buildActionMask = 2147483647;
			files = (
				 /* AppDelegate.m */,
				 /* ChatWindowController.m */,
				 /* ClaudeAPIManager_Tiger.m */,
				 /* CodeBlockView.m */,
				 /* ConversationManager.m */,
				 /* HTTPSClient_OpenSSL.m */,
				 /* NEDrawer.m */,
				 /* NEPadding.m */,
				 /* NESizingHelpers.m */,
				 /* NSObject+Associations.m */,
				 /* NSString+TextMeasure.m */,
				 /* NSView+Essentials.m */,
				 /* NetworkManager_Tiger.m */,
				 /* SystemInfoCollector.m */,
				 /* ThemeColors_Tiger.m */,
				 /* ThemedView.m */,
				 /* main.m */,
				 /* yyjson.c */,
			);
			runOnlyForDeploymentPostprocessing = 0;
		};
/* End PBXSourcesBuildPhase section */

/* Begin XCBuildConfiguration section */
		 /* Debug */ = {
			isa = XCBuildConfiguration;
			buildSettings = {
				ARCHS = "i386 x86_64";
				CLANG_ENABLE_OBJC_ARC = NO;
				GCC_C_LANGUAGE_STANDARD = c99;
				GCC_GENERATE_DEBUGGING_SYMBOLS = YES;
				GCC_OPTIMIZATION_LEVEL = 0;
				GCC_PREPROCESSOR_DEFINITIONS = DEBUG=1;
				GCC_WARN_ABOUT_RETURN_TYPE = YES;
				GCC_WARN_UNUSED_VARIABLE = YES;
				HEADER_SEARCH_PATHS = /opt/local/include;
				INFOPLIST_FILE = Info.plist;
				LIBRARY_SEARCH_PATHS = /opt/local/lib;
				MACOSX_DEPLOYMENT_TARGET = 10.5;
				ONLY_ACTIVE_ARCH = YES;
				OTHER_LDFLAGS = "-lssl -lcrypto";
				OTHER_CFLAGS = "-fno-objc-arc";
				PRODUCT_NAME = ClaudeChat;
				SDKROOT = macosx;
			};
			name = Debug;
		};
		 /* Release */ = {
			isa = XCBuildConfiguration;
			buildSettings = {
				ARCHS = "i386 x86_64";
				CLANG_ENABLE_OBJC_ARC = NO;
				GCC_C_LANGUAGE_STANDARD = c99;
				GCC_WARN_ABOUT_RETURN_TYPE = YES;
				GCC_WARN_UNUSED_VARIABLE = YES;
				HEADER_SEARCH_PATHS = /opt/local/include;
				INFOPLIST_FILE = Info.plist;
				LIBRARY_SEARCH_PATHS = /opt/local/lib;
				MACOSX_DEPLOYMENT_TARGET = 10.5;
				OTHER_LDFLAGS = "-lssl -lcrypto";
				OTHER_CFLAGS = "-fno-objc-arc";
				PRODUCT_NAME = ClaudeChat;
				SDKROOT = macosx;
			};
			name = Release;
		};
/* End XCBuildConfiguration section */

/* Begin XCConfigurationList section */
		 /* Build configuration list */ = {
			isa = XCConfigurationList;
			buildConfigurations = (
				 /* Debug */,
				 /* Release */,
			);
			defaultConfigurationIsVisible = 0;
			defaultConfigurationName = Release;
		};
/* End XCConfigurationList section */
	};
	rootObject =  /* Project object */;
}
